{
  "lockfile_version": "1",
  "packages": {
    "curl@8": {
      "last_modified": "2024-10-29T02:50:45Z",
      "resolved": "github:NixOS/nixpkgs/30c9efeef01e2ad4880bff6a01a61dd99536b3c9#curl",
      "source": "devbox-search",
      "version": "8.9.1",
      "systems": {
        "aarch64-darwin": {
          "outputs": [
            {
              "name": "bin",
              "path": "/nix/store/jwyikhivayg1cnhq8dy396gafw2p7nzc-curl-8.9.1-bin",
              "default": true
            },
            {
              "name": "man",
              "path": "/nix/store/260af9ihhfmf43yx7xyhnpg3qbif95pn-curl-8.9.1-man",
              "default": true
            },
            {
              "name": "dev",
              "path": "/nix/store/vcj58ndz7fxjpsl40g646nwnrg3g5h4w-curl-8.9.1-dev"
            },
            {
              "name": "devdoc",
              "path": "/nix/store/hkpdd9na2pj9cq52xx285hzvhvp81hag-curl-8.9.1-devdoc"
            },
            {
              "name": "out",
              "path": "/nix/store/8a3dyq9kd9scbsqagfcasv3rkq749c60-curl-8.9.1"
            }
          ],
          "store_path": "/nix/store/jwyikhivayg1cnhq8dy396gafw2p7nzc-curl-8.9.1-bin"
        },
        "aarch64-linux": {
          "outputs": [
            {
              "name": "bin",
              "path": "/nix/store/20v3m4bkkkhq8pgjwccnpc1cy2r16g3s-curl-8.9.1-bin",
              "default": true
            },
            {
              "name": "man",
              "path": "/nix/store/k6sxbdr652d0kxy1c39v5mgfsb5ayw9s-curl-8.9.1-man",
              "default": true
            },
            {
              "name": "devdoc",
              "path": "/nix/store/xb866d2r4y5h1y8hk966srfpiq37pxra-curl-8.9.1-devdoc"
            },
            {
              "name": "out",
              "path": "/nix/store/h2x0xrfq3iqfn6anb3hld7h3k0dgsj3x-curl-8.9.1"
            },
            {
              "name": "debug",
              "path": "/nix/store/brl478nbjmjlhrc6fgwy0570c5rvr57w-curl-8.9.1-debug"
            },
            {
              "name": "dev",
              "path": "/nix/store/4rpmwdvmsrlxrfsrdr0qk3jf00sn48sh-curl-8.9.1-dev"
            }
          ],
          "store_path": "/nix/store/20v3m4bkkkhq8pgjwccnpc1cy2r16g3s-curl-8.9.1-bin"
        },
        "x86_64-darwin": {
          "outputs": [
            {
              "name": "bin",
              "path": "/nix/store/mpx4ws0xbllyqljfs2fi3ghdawg9jkza-curl-8.9.1-bin",
              "default": true
            },
            {
              "name": "man",
              "path": "/nix/store/h014hmwi97j892zjxcchm2gzkgw7bj56-curl-8.9.1-man",
              "default": true
            },
            {
              "name": "dev",
              "path": "/nix/store/h0y0vlbw3nclay3h5g6cslbavpnzgwxp-curl-8.9.1-dev"
            },
            {
              "name": "devdoc",
              "path": "/nix/store/halagx6ybkdyavmxpj11qq7j9d0hljfd-curl-8.9.1-devdoc"
            },
            {
              "name": "out",
              "path": "/nix/store/iafphqafhksq4wil0amk9nxrd757zfdp-curl-8.9.1"
            }
          ],
          "store_path": "/nix/store/mpx4ws0xbllyqljfs2fi3ghdawg9jkza-curl-8.9.1-bin"
        },
        "x86_64-linux": {
          "outputs": [
            {
              "name": "bin",
              "path": "/nix/store/mm852m65blp3r7jq3iqyp8nnc64jw1l4-curl-8.9.1-bin",
              "default": true
            },
            {
              "name": "man",
              "path": "/nix/store/fzazy0ib1w9mrsrd8fqv2p02z4r1689v-curl-8.9.1-man",
              "default": true
            },
            {
              "name": "debug",
              "path": "/nix/store/kwap1vwmmlfwr0s45cb0lgz77knjqgmq-curl-8.9.1-debug"
            },
            {
              "name": "dev",
              "path": "/nix/store/m8kn1aq1ralckmqfdhl147ql9lpad2ky-curl-8.9.1-dev"
            },
            {
              "name": "devdoc",
              "path": "/nix/store/r1937djiayiws99hwh74jlsnxyip0r1g-curl-8.9.1-devdoc"
            },
            {
              "name": "out",
              "path": "/nix/store/czkqnm2prg7lrhxpi7s04yv19xxkkfb5-curl-8.9.1"
            }
          ],
          "store_path": "/nix/store/mm852m65blp3r7jq3iqyp8nnc64jw1l4-curl-8.9.1-bin"
        }
      }
    },
    "dotnet-sdk@6.0.": {
      "last_modified": "2024-10-16T02:16:09Z",
      "resolved": "github:NixOS/nixpkgs/70cc7b62f2b448a487de36e1fd714693c59c4719#dotnet-sdk",
      "source": "devbox-search",
      "version": "6.0.427",
      "systems": {
        "aarch64-darwin": {
          "outputs": [
            {
              "name": "out",
              "path": "/nix/store/dcig7g4g086imziflcz2p7c2hpr4gi0k-dotnet-sdk-6.0.427",
              "default": true
            }
          ],
          "store_path": "/nix/store/dcig7g4g086imziflcz2p7c2hpr4gi0k-dotnet-sdk-6.0.427"
        },
        "aarch64-linux": {
          "outputs": [
            {
              "name": "out",
              "path": "/nix/store/g5kai1vskwi99qwz5kcmsgk6zr42r4dq-dotnet-sdk-6.0.427",
              "default": true
            }
          ],
          "store_path": "/nix/store/g5kai1vskwi99qwz5kcmsgk6zr42r4dq-dotnet-sdk-6.0.427"
        },
        "x86_64-darwin": {
          "outputs": [
            {
              "name": "out",
              "path": "/nix/store/zv2bfq617sxhs0j18m6a8gzd10z7sl3s-dotnet-sdk-6.0.427",
              "default": true
            }
          ],
          "store_path": "/nix/store/zv2bfq617sxhs0j18m6a8gzd10z7sl3s-dotnet-sdk-6.0.427"
        },
        "x86_64-linux": {
          "outputs": [
            {
              "name": "out",
              "path": "/nix/store/1w5hphjv7y5x628vq0wqanpka1l8f9rg-dotnet-sdk-6.0.427",
              "default": true
            }
          ],
          "store_path": "/nix/store/1w5hphjv7y5x628vq0wqanpka1l8f9rg-dotnet-sdk-6.0.427"
        }
      }
    },
    "go@1.21.": {
      "last_modified": "2024-09-10T15:01:03Z",
      "resolved": "github:NixOS/nixpkgs/5ed627539ac84809c78b2dd6d26a5cebeb5ae269#go_1_21",
      "source": "devbox-search",
      "version": "1.21.13",
      "systems": {
        "aarch64-darwin": {
          "outputs": [
            {
              "name": "out",
              "path": "/nix/store/59bymri4pr8mq5zh678smrf381i3fmy2-go-1.21.13",
              "default": true
            }
          ],
          "store_path": "/nix/store/59bymri4pr8mq5zh678smrf381i3fmy2-go-1.21.13"
        },
        "aarch64-linux": {
          "outputs": [
            {
              "name": "out",
              "path": "/nix/store/7dqbqicx8szqnyzag6l41gwbjmh1xdk0-go-1.21.13",
              "default": true
            }
          ],
          "store_path": "/nix/store/7dqbqicx8szqnyzag6l41gwbjmh1xdk0-go-1.21.13"
        },
        "x86_64-darwin": {
          "outputs": [
            {
              "name": "out",
              "path": "/nix/store/ws9bs446vgwmxchqnpjp9503x420iz75-go-1.21.13",
              "default": true
            }
          ],
          "store_path": "/nix/store/ws9bs446vgwmxchqnpjp9503x420iz75-go-1.21.13"
        },
        "x86_64-linux": {
          "outputs": [
            {
              "name": "out",
              "path": "/nix/store/yij3vkkjv7ghn055v0rqhbjzyh0dy4nq-go-1.21.13",
              "default": true
            }
          ],
          "store_path": "/nix/store/yij3vkkjv7ghn055v0rqhbjzyh0dy4nq-go-1.21.13"
        }
      }
    },
    "gradle_7@7.6": {
      "last_modified": "2024-10-13T23:44:06Z",
      "plugin_version": "0.0.1",
      "resolved": "github:NixOS/nixpkgs/d4f247e89f6e10120f911e2e2d2254a050d0f732#gradle_7",
      "source": "devbox-search",
      "version": "7.6.4",
      "systems": {
        "aarch64-darwin": {
          "outputs": [
            {
              "name": "out",
              "path": "/nix/store/44w3xmja961smdryx1mr07psjccjg26b-gradle-7.6.4",
              "default": true
            }
          ],
          "store_path": "/nix/store/44w3xmja961smdryx1mr07psjccjg26b-gradle-7.6.4"
        },
        "aarch64-linux": {
          "outputs": [
            {
              "name": "out",
              "path": "/nix/store/1fxa60wy8lgbnvhgm9vjn8is971fxamh-gradle-7.6.4",
              "default": true
            }
          ],
          "store_path": "/nix/store/1fxa60wy8lgbnvhgm9vjn8is971fxamh-gradle-7.6.4"
        },
        "x86_64-darwin": {
          "outputs": [
            {
              "name": "out",
              "path": "/nix/store/xk0g30753pn14xmyhris4icml1zyswqn-gradle-7.6.4",
              "default": true
            }
          ],
          "store_path": "/nix/store/xk0g30753pn14xmyhris4icml1zyswqn-gradle-7.6.4"
        },
        "x86_64-linux": {
          "outputs": [
            {
              "name": "out",
              "path": "/nix/store/5jinwyvwg3axy1gik9byi8xpgxfsp25s-gradle-7.6.4",
              "default": true
            }
          ],
          "store_path": "/nix/store/5jinwyvwg3axy1gik9byi8xpgxfsp25s-gradle-7.6.4"
        }
      }
    },
    "nodejs@20.": {
      "last_modified": "2024-10-13T23:44:06Z",
      "plugin_version": "0.0.2",
      "resolved": "github:NixOS/nixpkgs/d4f247e89f6e10120f911e2e2d2254a050d0f732#nodejs_20",
      "source": "devbox-search",
      "version": "20.17.0",
      "systems": {
        "aarch64-darwin": {
          "outputs": [
            {
              "name": "out",
              "path": "/nix/store/fkapwdcjn9fm1n071jv7a75cw66x4wq7-nodejs-20.17.0",
              "default": true
            },
            {
              "name": "libv8",
              "path": "/nix/store/17gly8aw2qa535bw1014xbc264v496g1-nodejs-20.17.0-libv8"
            }
          ],
          "store_path": "/nix/store/fkapwdcjn9fm1n071jv7a75cw66x4wq7-nodejs-20.17.0"
        },
        "aarch64-linux": {
          "outputs": [
            {
              "name": "out",
              "path": "/nix/store/icf1zdxjpik986hqwa9vj33zk9ir5r7h-nodejs-20.17.0",
              "default": true
            },
            {
              "name": "libv8",
              "path": "/nix/store/yqira4250smxxpnxg3jc7r1csrsdz9yx-nodejs-20.17.0-libv8"
            }
          ],
          "store_path": "/nix/store/icf1zdxjpik986hqwa9vj33zk9ir5r7h-nodejs-20.17.0"
        },
        "x86_64-darwin": {
          "outputs": [
            {
              "name": "out",
              "path": "/nix/store/pfg4yz6c5kvk8wp29kvp56dl0yjahwgn-nodejs-20.17.0",
              "default": true
            },
            {
              "name": "libv8",
              "path": "/nix/store/qm9202yha093jx33jkgxv2ra6yzgw6d2-nodejs-20.17.0-libv8"
            }
          ],
          "store_path": "/nix/store/pfg4yz6c5kvk8wp29kvp56dl0yjahwgn-nodejs-20.17.0"
        },
        "x86_64-linux": {
          "outputs": [
            {
              "name": "out",
              "path": "/nix/store/dcdc33kdjdhjnzg6rkmd0cx4kpwl8cac-nodejs-20.17.0",
              "default": true
            },
            {
              "name": "libv8",
              "path": "/nix/store/bv92rqliq5vnpwa2pwsdiphz48j87l47-nodejs-20.17.0-libv8"
            }
          ],
          "store_path": "/nix/store/dcdc33kdjdhjnzg6rkmd0cx4kpwl8cac-nodejs-20.17.0"
        }
      }
    },
    "pulumictl@latest": {
      "last_modified": "2024-10-13T23:44:06Z",
      "resolved": "github:NixOS/nixpkgs/d4f247e89f6e10120f911e2e2d2254a050d0f732#pulumictl",
      "source": "devbox-search",
      "version": "0.0.46",
      "systems": {
        "aarch64-darwin": {
          "outputs": [
            {
              "name": "out",
              "path": "/nix/store/pp2qrv80xj5dva6vj50cgxw0qifk0rjc-pulumictl-0.0.46",
              "default": true
            }
          ],
          "store_path": "/nix/store/pp2qrv80xj5dva6vj50cgxw0qifk0rjc-pulumictl-0.0.46"
        },
        "aarch64-linux": {
          "outputs": [
            {
              "name": "out",
              "path": "/nix/store/2hr4ap2knb1v4b6qg2bbi2ydn4hs8wh4-pulumictl-0.0.46",
              "default": true
            }
          ],
          "store_path": "/nix/store/2hr4ap2knb1v4b6qg2bbi2ydn4hs8wh4-pulumictl-0.0.46"
        },
        "x86_64-darwin": {
          "outputs": [
            {
              "name": "out",
              "path": "/nix/store/ifknlk0cdh1hq4rrb5rpgwkx97dd0d3f-pulumictl-0.0.46",
              "default": true
            }
          ],
          "store_path": "/nix/store/ifknlk0cdh1hq4rrb5rpgwkx97dd0d3f-pulumictl-0.0.46"
        },
        "x86_64-linux": {
          "outputs": [
            {
              "name": "out",
              "path": "/nix/store/r5921yx3zmsk5qpsyvkf70b2vxz5apxx-pulumictl-0.0.46",
              "default": true
            }
          ],
          "store_path": "/nix/store/r5921yx3zmsk5qpsyvkf70b2vxz5apxx-pulumictl-0.0.46"
        }
      }
    },
    "python3@3.11.8": {
      "last_modified": "2024-04-02T02:53:36Z",
      "plugin_version": "0.0.4",
      "resolved": "github:NixOS/nixpkgs/080a4a27f206d07724b88da096e27ef63401a504#python3",
      "source": "devbox-search",
      "version": "3.11.8",
      "systems": {
        "aarch64-darwin": {
          "outputs": [
            {
              "name": "out",
              "path": "/nix/store/j0jaqv09421wydqmfawcnwvv2f32q86a-python3-3.11.8",
              "default": true
            }
          ],
          "store_path": "/nix/store/j0jaqv09421wydqmfawcnwvv2f32q86a-python3-3.11.8"
        },
        "aarch64-linux": {
          "outputs": [
            {
              "name": "out",
              "path": "/nix/store/m366grr7iy3d47r7ns0p8ppx5z3ghlv6-python3-3.11.8",
              "default": true
            },
            {
              "name": "debug",
              "path": "/nix/store/5dv2p0bwb5ni510y7mabbcmm8qrrj795-python3-3.11.8-debug"
            }
          ],
          "store_path": "/nix/store/m366grr7iy3d47r7ns0p8ppx5z3ghlv6-python3-3.11.8"
        },
        "x86_64-darwin": {
          "outputs": [
            {
              "name": "out",
              "path": "/nix/store/9qhyp2qkb4s5zi1vahj4bjjjmdin6jnz-python3-3.11.8",
              "default": true
            }
          ],
          "store_path": "/nix/store/9qhyp2qkb4s5zi1vahj4bjjjmdin6jnz-python3-3.11.8"
        },
        "x86_64-linux": {
          "outputs": [
            {
              "name": "out",
              "path": "/nix/store/gd3shnza1i50zn8zs04fa729ribr88m9-python3-3.11.8",
              "default": true
            },
            {
              "name": "debug",
              "path": "/nix/store/imbh85vrmy96yvzwg90l0v5rb70qi3h9-python3-3.11.8-debug"
            }
          ],
          "store_path": "/nix/store/gd3shnza1i50zn8zs04fa729ribr88m9-python3-3.11.8"
        }
      }
    },
    "yarn@latest": {
      "last_modified": "2024-10-13T23:44:06Z",
      "resolved": "github:NixOS/nixpkgs/d4f247e89f6e10120f911e2e2d2254a050d0f732#yarn",
      "source": "devbox-search",
      "version": "1.22.22",
      "systems": {
        "aarch64-darwin": {
          "outputs": [
            {
              "name": "out",
              "path": "/nix/store/fdnpfwdyq724n9v4mlhgm8ia994l9f5k-yarn-1.22.22",
              "default": true
            }
          ],
          "store_path": "/nix/store/fdnpfwdyq724n9v4mlhgm8ia994l9f5k-yarn-1.22.22"
        },
        "aarch64-linux": {
          "outputs": [
            {
              "name": "out",
              "path": "/nix/store/w06n1n78gc3f4lbggbjw4prcjll1fzv1-yarn-1.22.22",
              "default": true
            }
          ],
          "store_path": "/nix/store/w06n1n78gc3f4lbggbjw4prcjll1fzv1-yarn-1.22.22"
        },
        "x86_64-darwin": {
          "outputs": [
            {
              "name": "out",
              "path": "/nix/store/c58lp5ds6xfp1hs9a8jlc5i3mn9d8li3-yarn-1.22.22",
              "default": true
            }
          ],
          "store_path": "/nix/store/c58lp5ds6xfp1hs9a8jlc5i3mn9d8li3-yarn-1.22.22"
        },
        "x86_64-linux": {
          "outputs": [
            {
              "name": "out",
              "path": "/nix/store/isjkrnrajpdlr9lc9q5pqzs7rkxa6h07-yarn-1.22.22",
              "default": true
            }
          ],
          "store_path": "/nix/store/isjkrnrajpdlr9lc9q5pqzs7rkxa6h07-yarn-1.22.22"
        }
      }
    }
  }
}
